#
# This file is autogenerated by pip-compile with Python 3.12
# by the following command:
#
#    pip-compile --generate-hashes --index-url=https://pypi.org/simple --output-file=requirements.lock pyproject.toml
#
adaptix==3.0.0b9 \
    --hash=sha256:5a29b112f48586185b3d0fc5f31a5946df540b17f4c2c0f50d86eb9020b3a44f \
    --hash=sha256:95612533819f65064dc5ee15cb2ea46cea51ad5f587859e6bd7f064a69220f7f
    # via myapp (pyproject.toml)
